lockfileVersion: '6.0'

settings:
  autoInstallPeers: true
  excludeLinksFromLockfile: false

dependencies:
  axios:
    specifier: ^1.6.7
    version: 1.6.7
  next:
    specifier: 14.1.0
    version: 14.1.0(react-dom@18.2.0)(react@18.2.0)(sass@1.70.0)
  react:
    specifier: ^18
    version: 18.2.0
  react-dom:
    specifier: ^18
    version: 18.2.0(react@18.2.0)
  react-intersection-observer:
    specifier: ^9.7.0
    version: 9.7.0(react-dom@18.2.0)(react@18.2.0)
  sharp:
    specifier: ^0.33.2
    version: 0.33.2

devDependencies:
  '@types/node':
    specifier: ^20
    version: 20.11.16
  '@types/react':
    specifier: ^18
    version: 18.2.52
  '@types/react-dom':
    specifier: ^18
    version: 18.2.18
  sass:
    specifier: ^1.70.0
    version: 1.70.0
  typescript:
    specifier: ^5
    version: 5.3.3

packages:

  /@emnapi/runtime@0.45.0:
    resolution: {integrity: sha512-Txumi3td7J4A/xTTwlssKieHKTGl3j4A1tglBx72auZ49YK7ePY6XZricgIg9mnZT4xPfA+UPCUdnhRuEFDL+w==}
    requiresBuild: true
    dependencies:
      tslib: 2.6.2
    dev: false
    optional: true

  /@img/sharp-darwin-arm64@0.33.2:
    resolution: {integrity: sha512-itHBs1rPmsmGF9p4qRe++CzCgd+kFYktnsoR1sbIAfsRMrJZau0Tt1AH9KVnufc2/tU02Gf6Ibujx+15qRE03w==}
    engines: {glibc: '>=2.26', node: ^18.17.0 || ^20.3.0 || >=21.0.0, npm: '>=9.6.5', pnpm: '>=7.1.0', yarn: '>=3.2.0'}
    cpu: [arm64]
    os: [darwin]
    requiresBuild: true
    optionalDependencies:
      '@img/sharp-libvips-darwin-arm64': 1.0.1
    dev: false
    optional: true

  /@img/sharp-darwin-x64@0.33.2:
    resolution: {integrity: sha512-/rK/69Rrp9x5kaWBjVN07KixZanRr+W1OiyKdXcbjQD6KbW+obaTeBBtLUAtbBsnlTTmWthw99xqoOS7SsySDg==}
    engines: {glibc: '>=2.26', node: ^18.17.0 || ^20.3.0 || >=21.0.0, npm: '>=9.6.5', pnpm: '>=7.1.0', yarn: '>=3.2.0'}
    cpu: [x64]
    os: [darwin]
    requiresBuild: true
    optionalDependencies:
      '@img/sharp-libvips-darwin-x64': 1.0.1
    dev: false
    optional: true

  /@img/sharp-libvips-darwin-arm64@1.0.1:
    resolution: {integrity: sha512-kQyrSNd6lmBV7O0BUiyu/OEw9yeNGFbQhbxswS1i6rMDwBBSX+e+rPzu3S+MwAiGU3HdLze3PanQ4Xkfemgzcw==}
    engines: {macos: '>=11', npm: '>=9.6.5', pnpm: '>=7.1.0', yarn: '>=3.2.0'}
    cpu: [arm64]
    os: [darwin]
    requiresBuild: true
    dev: false
    optional: true

  /@img/sharp-libvips-darwin-x64@1.0.1:
    resolution: {integrity: sha512-eVU/JYLPVjhhrd8Tk6gosl5pVlvsqiFlt50wotCvdkFGf+mDNBJxMh+bvav+Wt3EBnNZWq8Sp2I7XfSjm8siog==}
    engines: {macos: '>=10.13', npm: '>=9.6.5', pnpm: '>=7.1.0', yarn: '>=3.2.0'}
    cpu: [x64]
    os: [darwin]
    requiresBuild: true
    dev: false
    optional: true

  /@img/sharp-libvips-linux-arm64@1.0.1:
    resolution: {integrity: sha512-bnGG+MJjdX70mAQcSLxgeJco11G+MxTz+ebxlz8Y3dxyeb3Nkl7LgLI0mXupoO+u1wRNx/iRj5yHtzA4sde1yA==}
    engines: {glibc: '>=2.26', npm: '>=9.6.5', pnpm: '>=7.1.0', yarn: '>=3.2.0'}
    cpu: [arm64]
    os: [linux]
    requiresBuild: true
    dev: false
    optional: true

  /@img/sharp-libvips-linux-arm@1.0.1:
    resolution: {integrity: sha512-FtdMvR4R99FTsD53IA3LxYGghQ82t3yt0ZQ93WMZ2xV3dqrb0E8zq4VHaTOuLEAuA83oDawHV3fd+BsAPadHIQ==}
    engines: {glibc: '>=2.28', npm: '>=9.6.5', pnpm: '>=7.1.0', yarn: '>=3.2.0'}
    cpu: [arm]
    os: [linux]
    requiresBuild: true
    dev: false
    optional: true

  /@img/sharp-libvips-linux-s390x@1.0.1:
    resolution: {integrity: sha512-3+rzfAR1YpMOeA2zZNp+aYEzGNWK4zF3+sdMxuCS3ey9HhDbJ66w6hDSHDMoap32DueFwhhs3vwooAB2MaK4XQ==}
    engines: {glibc: '>=2.28', npm: '>=9.6.5', pnpm: '>=7.1.0', yarn: '>=3.2.0'}
    cpu: [s390x]
    os: [linux]
    requiresBuild: true
    dev: false
    optional: true

  /@img/sharp-libvips-linux-x64@1.0.1:
    resolution: {integrity: sha512-3NR1mxFsaSgMMzz1bAnnKbSAI+lHXVTqAHgc1bgzjHuXjo4hlscpUxc0vFSAPKI3yuzdzcZOkq7nDPrP2F8Jgw==}
    engines: {glibc: '>=2.26', npm: '>=9.6.5', pnpm: '>=7.1.0', yarn: '>=3.2.0'}
    cpu: [x64]
    os: [linux]
    requiresBuild: true
    dev: false
    optional: true

  /@img/sharp-libvips-linuxmusl-arm64@1.0.1:
    resolution: {integrity: sha512-5aBRcjHDG/T6jwC3Edl3lP8nl9U2Yo8+oTl5drd1dh9Z1EBfzUKAJFUDTDisDjUwc7N4AjnPGfCA3jl3hY8uDg==}
    engines: {musl: '>=1.2.2', npm: '>=9.6.5', pnpm: '>=7.1.0', yarn: '>=3.2.0'}
    cpu: [arm64]
    os: [linux]
    requiresBuild: true
    dev: false
    optional: true

  /@img/sharp-libvips-linuxmusl-x64@1.0.1:
    resolution: {integrity: sha512-dcT7inI9DBFK6ovfeWRe3hG30h51cBAP5JXlZfx6pzc/Mnf9HFCQDLtYf4MCBjxaaTfjCCjkBxcy3XzOAo5txw==}
    engines: {musl: '>=1.2.2', npm: '>=9.6.5', pnpm: '>=7.1.0', yarn: '>=3.2.0'}
    cpu: [x64]
    os: [linux]
    requiresBuild: true
    dev: false
    optional: true

  /@img/sharp-linux-arm64@0.33.2:
    resolution: {integrity: sha512-pz0NNo882vVfqJ0yNInuG9YH71smP4gRSdeL09ukC2YLE6ZyZePAlWKEHgAzJGTiOh8Qkaov6mMIMlEhmLdKew==}
    engines: {glibc: '>=2.26', node: ^18.17.0 || ^20.3.0 || >=21.0.0, npm: '>=9.6.5', pnpm: '>=7.1.0', yarn: '>=3.2.0'}
    cpu: [arm64]
    os: [linux]
    requiresBuild: true
    optionalDependencies:
      '@img/sharp-libvips-linux-arm64': 1.0.1
    dev: false
    optional: true

  /@img/sharp-linux-arm@0.33.2:
    resolution: {integrity: sha512-Fndk/4Zq3vAc4G/qyfXASbS3HBZbKrlnKZLEJzPLrXoJuipFNNwTes71+Ki1hwYW5lch26niRYoZFAtZVf3EGA==}
    engines: {glibc: '>=2.28', node: ^18.17.0 || ^20.3.0 || >=21.0.0, npm: '>=9.6.5', pnpm: '>=7.1.0', yarn: '>=3.2.0'}
    cpu: [arm]
    os: [linux]
    requiresBuild: true
    optionalDependencies:
      '@img/sharp-libvips-linux-arm': 1.0.1
    dev: false
    optional: true

  /@img/sharp-linux-s390x@0.33.2:
    resolution: {integrity: sha512-MBoInDXDppMfhSzbMmOQtGfloVAflS2rP1qPcUIiITMi36Mm5YR7r0ASND99razjQUpHTzjrU1flO76hKvP5RA==}
    engines: {glibc: '>=2.28', node: ^18.17.0 || ^20.3.0 || >=21.0.0, npm: '>=9.6.5', pnpm: '>=7.1.0', yarn: '>=3.2.0'}
    cpu: [s390x]
    os: [linux]
    requiresBuild: true
    optionalDependencies:
      '@img/sharp-libvips-linux-s390x': 1.0.1
    dev: false
    optional: true

  /@img/sharp-linux-x64@0.33.2:
    resolution: {integrity: sha512-xUT82H5IbXewKkeF5aiooajoO1tQV4PnKfS/OZtb5DDdxS/FCI/uXTVZ35GQ97RZXsycojz/AJ0asoz6p2/H/A==}
    engines: {glibc: '>=2.26', node: ^18.17.0 || ^20.3.0 || >=21.0.0, npm: '>=9.6.5', pnpm: '>=7.1.0', yarn: '>=3.2.0'}
    cpu: [x64]
    os: [linux]
    requiresBuild: true
    optionalDependencies:
      '@img/sharp-libvips-linux-x64': 1.0.1
    dev: false
    optional: true

  /@img/sharp-linuxmusl-arm64@0.33.2:
    resolution: {integrity: sha512-F+0z8JCu/UnMzg8IYW1TMeiViIWBVg7IWP6nE0p5S5EPQxlLd76c8jYemG21X99UzFwgkRo5yz2DS+zbrnxZeA==}
    engines: {musl: '>=1.2.2', node: ^18.17.0 || ^20.3.0 || >=21.0.0, npm: '>=9.6.5', pnpm: '>=7.1.0', yarn: '>=3.2.0'}
    cpu: [arm64]
    os: [linux]
    requiresBuild: true
    optionalDependencies:
      '@img/sharp-libvips-linuxmusl-arm64': 1.0.1
    dev: false
    optional: true

  /@img/sharp-linuxmusl-x64@0.33.2:
    resolution: {integrity: sha512-+ZLE3SQmSL+Fn1gmSaM8uFusW5Y3J9VOf+wMGNnTtJUMUxFhv+P4UPaYEYT8tqnyYVaOVGgMN/zsOxn9pSsO2A==}
    engines: {musl: '>=1.2.2', node: ^18.17.0 || ^20.3.0 || >=21.0.0, npm: '>=9.6.5', pnpm: '>=7.1.0', yarn: '>=3.2.0'}
    cpu: [x64]
    os: [linux]
    requiresBuild: true
    optionalDependencies:
      '@img/sharp-libvips-linuxmusl-x64': 1.0.1
    dev: false
    optional: true

  /@img/sharp-wasm32@0.33.2:
    resolution: {integrity: sha512-fLbTaESVKuQcpm8ffgBD7jLb/CQLcATju/jxtTXR1XCLwbOQt+OL5zPHSDMmp2JZIeq82e18yE0Vv7zh6+6BfQ==}
    engines: {node: ^18.17.0 || ^20.3.0 || >=21.0.0, npm: '>=9.6.5', pnpm: '>=7.1.0', yarn: '>=3.2.0'}
    cpu: [wasm32]
    requiresBuild: true
    dependencies:
      '@emnapi/runtime': 0.45.0
    dev: false
    optional: true

  /@img/sharp-win32-ia32@0.33.2:
    resolution: {integrity: sha512-okBpql96hIGuZ4lN3+nsAjGeggxKm7hIRu9zyec0lnfB8E7Z6p95BuRZzDDXZOl2e8UmR4RhYt631i7mfmKU8g==}
    engines: {node: ^18.17.0 || ^20.3.0 || >=21.0.0, npm: '>=9.6.5', pnpm: '>=7.1.0', yarn: '>=3.2.0'}
    cpu: [ia32]
    os: [win32]
    requiresBuild: true
    dev: false
    optional: true

  /@img/sharp-win32-x64@0.33.2:
    resolution: {integrity: sha512-E4magOks77DK47FwHUIGH0RYWSgRBfGdK56kIHSVeB9uIS4pPFr4N2kIVsXdQQo4LzOsENKV5KAhRlRL7eMAdg==}
    engines: {node: ^18.17.0 || ^20.3.0 || >=21.0.0, npm: '>=9.6.5', pnpm: '>=7.1.0', yarn: '>=3.2.0'}
    cpu: [x64]
    os: [win32]
    requiresBuild: true
    dev: false
    optional: true

  /@next/env@14.1.0:
    resolution: {integrity: sha512-Py8zIo+02ht82brwwhTg36iogzFqGLPXlRGKQw5s+qP/kMNc4MAyDeEwBKDijk6zTIbegEgu8Qy7C1LboslQAw==}
    dev: false

  /@next/swc-darwin-arm64@14.1.0:
    resolution: {integrity: sha512-nUDn7TOGcIeyQni6lZHfzNoo9S0euXnu0jhsbMOmMJUBfgsnESdjN97kM7cBqQxZa8L/bM9om/S5/1dzCrW6wQ==}
    engines: {node: '>= 10'}
    cpu: [arm64]
    os: [darwin]
    requiresBuild: true
    dev: false
    optional: true

  /@next/swc-darwin-x64@14.1.0:
    resolution: {integrity: sha512-1jgudN5haWxiAl3O1ljUS2GfupPmcftu2RYJqZiMJmmbBT5M1XDffjUtRUzP4W3cBHsrvkfOFdQ71hAreNQP6g==}
    engines: {node: '>= 10'}
    cpu: [x64]
    os: [darwin]
    requiresBuild: true
    dev: false
    optional: true

  /@next/swc-linux-arm64-gnu@14.1.0:
    resolution: {integrity: sha512-RHo7Tcj+jllXUbK7xk2NyIDod3YcCPDZxj1WLIYxd709BQ7WuRYl3OWUNG+WUfqeQBds6kvZYlc42NJJTNi4tQ==}
    engines: {node: '>= 10'}
    cpu: [arm64]
    os: [linux]
    requiresBuild: true
    dev: false
    optional: true

  /@next/swc-linux-arm64-musl@14.1.0:
    resolution: {integrity: sha512-v6kP8sHYxjO8RwHmWMJSq7VZP2nYCkRVQ0qolh2l6xroe9QjbgV8siTbduED4u0hlk0+tjS6/Tuy4n5XCp+l6g==}
    engines: {node: '>= 10'}
    cpu: [arm64]
    os: [linux]
    requiresBuild: true
    dev: false
    optional: true

  /@next/swc-linux-x64-gnu@14.1.0:
    resolution: {integrity: sha512-zJ2pnoFYB1F4vmEVlb/eSe+VH679zT1VdXlZKX+pE66grOgjmKJHKacf82g/sWE4MQ4Rk2FMBCRnX+l6/TVYzQ==}
    engines: {node: '>= 10'}
    cpu: [x64]
    os: [linux]
    requiresBuild: true
    dev: false
    optional: true

  /@next/swc-linux-x64-musl@14.1.0:
    resolution: {integrity: sha512-rbaIYFt2X9YZBSbH/CwGAjbBG2/MrACCVu2X0+kSykHzHnYH5FjHxwXLkcoJ10cX0aWCEynpu+rP76x0914atg==}
    engines: {node: '>= 10'}
    cpu: [x64]
    os: [linux]
    requiresBuild: true
    dev: false
    optional: true

  /@next/swc-win32-arm64-msvc@14.1.0:
    resolution: {integrity: sha512-o1N5TsYc8f/HpGt39OUQpQ9AKIGApd3QLueu7hXk//2xq5Z9OxmV6sQfNp8C7qYmiOlHYODOGqNNa0e9jvchGQ==}
    engines: {node: '>= 10'}
    cpu: [arm64]
    os: [win32]
    requiresBuild: true
    dev: false
    optional: true

  /@next/swc-win32-ia32-msvc@14.1.0:
    resolution: {integrity: sha512-XXIuB1DBRCFwNO6EEzCTMHT5pauwaSj4SWs7CYnME57eaReAKBXCnkUE80p/pAZcewm7hs+vGvNqDPacEXHVkw==}
    engines: {node: '>= 10'}
    cpu: [ia32]
    os: [win32]
    requiresBuild: true
    dev: false
    optional: true

  /@next/swc-win32-x64-msvc@14.1.0:
    resolution: {integrity: sha512-9WEbVRRAqJ3YFVqEZIxUqkiO8l1nool1LmNxygr5HWF8AcSYsEpneUDhmjUVJEzO2A04+oPtZdombzzPPkTtgg==}
    engines: {node: '>= 10'}
    cpu: [x64]
    os: [win32]
    requiresBuild: true
    dev: false
    optional: true

  /@swc/helpers@0.5.2:
    resolution: {integrity: sha512-E4KcWTpoLHqwPHLxidpOqQbcrZVgi0rsmmZXUle1jXmJfuIf/UWpczUJ7MZZ5tlxytgJXyp0w4PGkkeLiuIdZw==}
    dependencies:
      tslib: 2.6.2
    dev: false

  /@types/node@20.11.16:
    resolution: {integrity: sha512-gKb0enTmRCzXSSUJDq6/sPcqrfCv2mkkG6Jt/clpn5eiCbKTY+SgZUxo+p8ZKMof5dCp9vHQUAB7wOUTod22wQ==}
    dependencies:
      undici-types: 5.26.5
    dev: true

  /@types/prop-types@15.7.11:
    resolution: {integrity: sha512-ga8y9v9uyeiLdpKddhxYQkxNDrfvuPrlFb0N1qnZZByvcElJaXthF1UhvCh9TLWJBEHeNtdnbysW7Y6Uq8CVng==}
    dev: true

  /@types/react-dom@18.2.18:
    resolution: {integrity: sha512-TJxDm6OfAX2KJWJdMEVTwWke5Sc/E/RlnPGvGfS0W7+6ocy2xhDVQVh/KvC2Uf7kACs+gDytdusDSdWfWkaNzw==}
    dependencies:
      '@types/react': 18.2.52
    dev: true

  /@types/react@18.2.52:
    resolution: {integrity: sha512-E/YjWh3tH+qsLKaUzgpZb5AY0ChVa+ZJzF7ogehVILrFpdQk6nC/WXOv0bfFEABbXbgNxLBGU7IIZByPKb6eBw==}
    dependencies:
      '@types/prop-types': 15.7.11
      '@types/scheduler': 0.16.8
      csstype: 3.1.3
    dev: true

  /@types/scheduler@0.16.8:
    resolution: {integrity: sha512-WZLiwShhwLRmeV6zH+GkbOFT6Z6VklCItrDioxUnv+u4Ll+8vKeFySoFyK/0ctcRpOmwAicELfmys1sDc/Rw+A==}
    dev: true

  /anymatch@3.1.3:
    resolution: {integrity: sha512-KMReFUr0B4t+D+OBkjR3KYqvocp2XaSzO55UcB6mgQMd3KbcE+mWTyvVV7D/zsdEbNnV6acZUutkiHQXvTr1Rw==}
    engines: {node: '>= 8'}
    dependencies:
      normalize-path: 3.0.0
      picomatch: 2.3.1

  /asynckit@0.4.0:
    resolution: {integrity: sha512-Oei9OH4tRh0YqU3GxhX79dM/mwVgvbZJaSNaRk+bshkj0S5cfHcgYakreBjrHwatXKbz+IoIdYLxrKim2MjW0Q==}
    dev: false

  /axios@1.6.7:
    resolution: {integrity: sha512-/hDJGff6/c7u0hDkvkGxR/oy6CbCs8ziCsC7SqmhjfozqiJGc8Z11wrv9z9lYfY4K8l+H9TpjcMDX0xOZmx+RA==}
    dependencies:
      follow-redirects: 1.15.5
      form-data: 4.0.0
      proxy-from-env: 1.1.0
    transitivePeerDependencies:
      - debug
    dev: false

  /binary-extensions@2.2.0:
    resolution: {integrity: sha512-jDctJ/IVQbZoJykoeHbhXpOlNBqGNcwXJKJog42E5HDPUwQTSdjCHdihjj0DlnheQ7blbT6dHOafNAiS8ooQKA==}
    engines: {node: '>=8'}

  /braces@3.0.2:
    resolution: {integrity: sha512-b8um+L1RzM3WDSzvhm6gIz1yfTbBt6YTlcEKAvsmqCZZFw46z626lVj9j1yEPW33H5H+lBQpZMP1k8l+78Ha0A==}
    engines: {node: '>=8'}
    dependencies:
      fill-range: 7.0.1

  /busboy@1.6.0:
    resolution: {integrity: sha512-8SFQbg/0hQ9xy3UNTB0YEnsNBbWfhf7RtnzpL7TkBiTBRfrQ9Fxcnz7VJsleJpyp6rVLvXiuORqjlHi5q+PYuA==}
    engines: {node: '>=10.16.0'}
    dependencies:
      streamsearch: 1.1.0
    dev: false

  /caniuse-lite@1.0.30001583:
    resolution: {integrity: sha512-acWTYaha8xfhA/Du/z4sNZjHUWjkiuoAi2LM+T/aL+kemKQgPT1xBb/YKjlQ0Qo8gvbHsGNplrEJ+9G3gL7i4Q==}
    dev: false

  /chokidar@3.5.3:
    resolution: {integrity: sha512-Dr3sfKRP6oTcjf2JmUmFJfeVMvXBdegxB0iVQ5eb2V10uFJUCAS8OByZdVAyVb8xXNz3GjjTgj9kLWsZTqE6kw==}
    engines: {node: '>= 8.10.0'}
    dependencies:
      anymatch: 3.1.3
      braces: 3.0.2
      glob-parent: 5.1.2
      is-binary-path: 2.1.0
      is-glob: 4.0.3
      normalize-path: 3.0.0
      readdirp: 3.6.0
    optionalDependencies:
      fsevents: 2.3.3

  /client-only@0.0.1:
    resolution: {integrity: sha512-IV3Ou0jSMzZrd3pZ48nLkT9DA7Ag1pnPzaiQhpW7c3RbcqqzvzzVu+L8gfqMp/8IM2MQtSiqaCxrrcfu8I8rMA==}
    dev: false

  /color-convert@2.0.1:
    resolution: {integrity: sha512-RRECPsj7iu/xb5oKYcsFHSppFNnsj/52OVTRKb4zP5onXwVF3zVmmToNcOfGC+CRDpfK/U584fMg38ZHCaElKQ==}
    engines: {node: '>=7.0.0'}
    dependencies:
      color-name: 1.1.4
    dev: false

  /color-name@1.1.4:
    resolution: {integrity: sha512-dOy+3AuW3a2wNbZHIuMZpTcgjGuLU/uBL/ubcZF9OXbDo8ff4O8yVp5Bf0efS8uEoYo5q4Fx7dY9OgQGXgAsQA==}
    dev: false

  /color-string@1.9.1:
    resolution: {integrity: sha512-shrVawQFojnZv6xM40anx4CkoDP+fZsw/ZerEMsW/pyzsRbElpsL/DBVW7q3ExxwusdNXI3lXpuhEZkzs8p5Eg==}
    dependencies:
      color-name: 1.1.4
      simple-swizzle: 0.2.2
    dev: false

  /color@4.2.3:
    resolution: {integrity: sha512-1rXeuUUiGGrykh+CeBdu5Ie7OJwinCgQY0bc7GCRxy5xVHy+moaqkpL/jqQq0MtQOeYcrqEz4abc5f0KtU7W4A==}
    engines: {node: '>=12.5.0'}
    dependencies:
      color-convert: 2.0.1
      color-string: 1.9.1
    dev: false

  /combined-stream@1.0.8:
    resolution: {integrity: sha512-FQN4MRfuJeHf7cBbBMJFXhKSDq+2kAArBlmRBvcvFE5BB1HZKXtSFASDhdlz9zOYwxh8lDdnvmMOe/+5cdoEdg==}
    engines: {node: '>= 0.8'}
    dependencies:
      delayed-stream: 1.0.0
    dev: false

  /csstype@3.1.3:
    resolution: {integrity: sha512-M1uQkMl8rQK/szD0LNhtqxIPLpimGm8sOBwU7lLnCpSbTyY3yeU1Vc7l4KT5zT4s/yOxHH5O7tIuuLOCnLADRw==}
    dev: true

  /delayed-stream@1.0.0:
    resolution: {integrity: sha512-ZySD7Nf91aLB0RxL4KGrKHBXl7Eds1DAmEdcoVawXnLD7SDhpNgtuII2aAkg7a7QS41jxPSZ17p4VdGnMHk3MQ==}
    engines: {node: '>=0.4.0'}
    dev: false

  /detect-libc@2.0.2:
    resolution: {integrity: sha512-UX6sGumvvqSaXgdKGUsgZWqcUyIXZ/vZTrlRT/iobiKhGL0zL4d3osHj3uqllWJK+i+sixDS/3COVEOFbupFyw==}
    engines: {node: '>=8'}
    dev: false

  /fill-range@7.0.1:
    resolution: {integrity: sha512-qOo9F+dMUmC2Lcb4BbVvnKJxTPjCm+RRpe4gDuGrzkL7mEVl/djYSu2OdQ2Pa302N4oqkSg9ir6jaLWJ2USVpQ==}
    engines: {node: '>=8'}
    dependencies:
      to-regex-range: 5.0.1

  /follow-redirects@1.15.5:
    resolution: {integrity: sha512-vSFWUON1B+yAw1VN4xMfxgn5fTUiaOzAJCKBwIIgT/+7CuGy9+r+5gITvP62j3RmaD5Ph65UaERdOSRGUzZtgw==}
    engines: {node: '>=4.0'}
    peerDependencies:
      debug: '*'
    peerDependenciesMeta:
      debug:
        optional: true
    dev: false

  /form-data@4.0.0:
    resolution: {integrity: sha512-ETEklSGi5t0QMZuiXoA/Q6vcnxcLQP5vdugSpuAyi6SVGi2clPPp+xgEhuMaHC+zGgn31Kd235W35f7Hykkaww==}
    engines: {node: '>= 6'}
    dependencies:
      asynckit: 0.4.0
      combined-stream: 1.0.8
      mime-types: 2.1.35
    dev: false

  /fsevents@2.3.3:
    resolution: {integrity: sha512-5xoDfX+fL7faATnagmWPpbFtwh/R77WmMMqqHGS65C3vvB0YHrgF+B1YmZ3441tMj5n63k0212XNoJwzlhffQw==}
    engines: {node: ^8.16.0 || ^10.6.0 || >=11.0.0}
    os: [darwin]
    requiresBuild: true
    optional: true

  /glob-parent@5.1.2:
    resolution: {integrity: sha512-AOIgSQCepiJYwP3ARnGx+5VnTu2HBYdzbGP45eLw1vr3zB3vZLeyed1sC9hnbcOc9/SrMyM5RPQrkGz4aS9Zow==}
    engines: {node: '>= 6'}
    dependencies:
      is-glob: 4.0.3

  /graceful-fs@4.2.11:
    resolution: {integrity: sha512-RbJ5/jmFcNNCcDV5o9eTnBLJ/HszWV0P73bc+Ff4nS/rJj+YaS6IGyiOL0VoBYX+l1Wrl3k63h/KrH+nhJ0XvQ==}
    dev: false

  /immutable@4.3.5:
    resolution: {integrity: sha512-8eabxkth9gZatlwl5TBuJnCsoTADlL6ftEr7A4qgdaTsPyreilDSnUk57SO+jfKcNtxPa22U5KK6DSeAYhpBJw==}

  /is-arrayish@0.3.2:
    resolution: {integrity: sha512-eVRqCvVlZbuw3GrM63ovNSNAeA1K16kaR/LRY/92w0zxQ5/1YzwblUX652i4Xs9RwAGjW9d9y6X88t8OaAJfWQ==}
    dev: false

  /is-binary-path@2.1.0:
    resolution: {integrity: sha512-ZMERYes6pDydyuGidse7OsHxtbI7WVeUEozgR/g7rd0xUimYNlvZRE/K2MgZTjWy725IfelLeVcEM97mmtRGXw==}
    engines: {node: '>=8'}
    dependencies:
      binary-extensions: 2.2.0

  /is-extglob@2.1.1:
    resolution: {integrity: sha512-SbKbANkN603Vi4jEZv49LeVJMn4yGwsbzZworEoyEiutsN3nJYdbO36zfhGJ6QEDpOZIFkDtnq5JRxmvl3jsoQ==}
    engines: {node: '>=0.10.0'}

  /is-glob@4.0.3:
    resolution: {integrity: sha512-xelSayHH36ZgE7ZWhli7pW34hNbNl8Ojv5KVmkJD4hBdD3th8Tfk9vYasLM+mXWOZhFkgZfxhLSnrwRr4elSSg==}
    engines: {node: '>=0.10.0'}
    dependencies:
      is-extglob: 2.1.1

  /is-number@7.0.0:
    resolution: {integrity: sha512-41Cifkg6e8TylSpdtTpeLVMqvSBEVzTttHvERD741+pnZ8ANv0004MRL43QKPDlK9cGvNp6NZWZUBlbGXYxxng==}
    engines: {node: '>=0.12.0'}

  /js-tokens@4.0.0:
    resolution: {integrity: sha512-RdJUflcE3cUzKiMqQgsCu06FPu9UdIJO0beYbPhHN4k6apgJtifcoCtT9bcxOpYBtpD2kCM6Sbzg4CausW/PKQ==}
    dev: false

  /loose-envify@1.4.0:
    resolution: {integrity: sha512-lyuxPGr/Wfhrlem2CL/UcnUc1zcqKAImBDzukY7Y5F/yQiNdko6+fRLevlw1HgMySw7f611UIY408EtxRSoK3Q==}
    hasBin: true
    dependencies:
      js-tokens: 4.0.0
    dev: false

  /lru-cache@6.0.0:
    resolution: {integrity: sha512-Jo6dJ04CmSjuznwJSS3pUeWmd/H0ffTlkXXgwZi+eq1UCmqQwCh+eLsYOYCwY991i2Fah4h1BEMCx4qThGbsiA==}
    engines: {node: '>=10'}
    dependencies:
      yallist: 4.0.0
    dev: false

  /mime-db@1.52.0:
    resolution: {integrity: sha512-sPU4uV7dYlvtWJxwwxHD0PuihVNiE7TyAbQ5SWxDCB9mUYvOgroQOwYQQOKPJ8CIbE+1ETVlOoK1UC2nU3gYvg==}
    engines: {node: '>= 0.6'}
    dev: false

  /mime-types@2.1.35:
    resolution: {integrity: sha512-ZDY+bPm5zTTF+YpCrAU9nK0UgICYPT0QtT1NZWFv4s++TNkcgVaT0g6+4R2uI4MjQjzysHB1zxuWL50hzaeXiw==}
    engines: {node: '>= 0.6'}
    dependencies:
      mime-db: 1.52.0
    dev: false

  /nanoid@3.3.7:
    resolution: {integrity: sha512-eSRppjcPIatRIMC1U6UngP8XFcz8MQWGQdt1MTBQ7NaAmvXDfvNxbvWV3x2y6CdEUciCSsDHDQZbhYaB8QEo2g==}
    engines: {node: ^10 || ^12 || ^13.7 || ^14 || >=15.0.1}
    hasBin: true
    dev: false

  /next@14.1.0(react-dom@18.2.0)(react@18.2.0)(sass@1.70.0):
    resolution: {integrity: sha512-wlzrsbfeSU48YQBjZhDzOwhWhGsy+uQycR8bHAOt1LY1bn3zZEcDyHQOEoN3aWzQ8LHCAJ1nqrWCc9XF2+O45Q==}
    engines: {node: '>=18.17.0'}
    hasBin: true
    peerDependencies:
      '@opentelemetry/api': ^1.1.0
      react: ^18.2.0
      react-dom: ^18.2.0
      sass: ^1.3.0
    peerDependenciesMeta:
      '@opentelemetry/api':
        optional: true
      sass:
        optional: true
    dependencies:
      '@next/env': 14.1.0
      '@swc/helpers': 0.5.2
      busboy: 1.6.0
      caniuse-lite: 1.0.30001583
      graceful-fs: 4.2.11
      postcss: 8.4.31
      react: 18.2.0
      react-dom: 18.2.0(react@18.2.0)
      sass: 1.70.0
      styled-jsx: 5.1.1(react@18.2.0)
    optionalDependencies:
      '@next/swc-darwin-arm64': 14.1.0
      '@next/swc-darwin-x64': 14.1.0
      '@next/swc-linux-arm64-gnu': 14.1.0
      '@next/swc-linux-arm64-musl': 14.1.0
      '@next/swc-linux-x64-gnu': 14.1.0
      '@next/swc-linux-x64-musl': 14.1.0
      '@next/swc-win32-arm64-msvc': 14.1.0
      '@next/swc-win32-ia32-msvc': 14.1.0
      '@next/swc-win32-x64-msvc': 14.1.0
    transitivePeerDependencies:
      - '@babel/core'
      - babel-plugin-macros
    dev: false

  /normalize-path@3.0.0:
    resolution: {integrity: sha512-6eZs5Ls3WtCisHWp9S2GUy8dqkpGi4BVSz3GaqiE6ezub0512ESztXUwUB6C6IKbQkY2Pnb/mD4WYojCRwcwLA==}
    engines: {node: '>=0.10.0'}

  /picocolors@1.0.0:
    resolution: {integrity: sha512-1fygroTLlHu66zi26VoTDv8yRgm0Fccecssto+MhsZ0D/DGW2sm8E8AjW7NU5VVTRt5GxbeZ5qBuJr+HyLYkjQ==}
    dev: false

  /picomatch@2.3.1:
    resolution: {integrity: sha512-JU3teHTNjmE2VCGFzuY8EXzCDVwEqB2a8fsIvwaStHhAWJEeVd1o1QD80CU6+ZdEXXSLbSsuLwJjkCBWqRQUVA==}
    engines: {node: '>=8.6'}

  /postcss@8.4.31:
    resolution: {integrity: sha512-PS08Iboia9mts/2ygV3eLpY5ghnUcfLV/EXTOW1E2qYxJKGGBUtNjN76FYHnMs36RmARn41bC0AZmn+rR0OVpQ==}
    engines: {node: ^10 || ^12 || >=14}
    dependencies:
      nanoid: 3.3.7
      picocolors: 1.0.0
      source-map-js: 1.0.2
    dev: false

  /proxy-from-env@1.1.0:
    resolution: {integrity: sha512-D+zkORCbA9f1tdWRK0RaCR3GPv50cMxcrz4X8k5LTSUD1Dkw47mKJEZQNunItRTkWwgtaUSo1RVFRIG9ZXiFYg==}
    dev: false

  /react-dom@18.2.0(react@18.2.0):
    resolution: {integrity: sha512-6IMTriUmvsjHUjNtEDudZfuDQUoWXVxKHhlEGSk81n4YFS+r/Kl99wXiwlVXtPBtJenozv2P+hxDsw9eA7Xo6g==}
    peerDependencies:
      react: ^18.2.0
    dependencies:
      loose-envify: 1.4.0
      react: 18.2.0
      scheduler: 0.23.0
    dev: false

  /react-intersection-observer@9.7.0(react-dom@18.2.0)(react@18.2.0):
    resolution: {integrity: sha512-euleEjBVaMRwSOMNVcMX5WGn74GfZ9I78nx9SUb5a0eXd0IhegjJcUliSO9Jd+xiaZ5rgFvbGoVln66lpMyUUg==}
    peerDependencies:
      react: ^15.0.0 || ^16.0.0 || ^17.0.0 || ^18.0.0
      react-dom: ^15.0.0 || ^16.0.0 || ^17.0.0 || ^18.0.0
    peerDependenciesMeta:
      react-dom:
        optional: true
    dependencies:
      react: 18.2.0
      react-dom: 18.2.0(react@18.2.0)
    dev: false

  /react@18.2.0:
    resolution: {integrity: sha512-/3IjMdb2L9QbBdWiW5e3P2/npwMBaU9mHCSCUzNln0ZCYbcfTsGbTJrU/kGemdH2IWmB2ioZ+zkxtmq6g09fGQ==}
    engines: {node: '>=0.10.0'}
    dependencies:
      loose-envify: 1.4.0
    dev: false

  /readdirp@3.6.0:
    resolution: {integrity: sha512-hOS089on8RduqdbhvQ5Z37A0ESjsqz6qnRcffsMU3495FuTdqSm+7bhJ29JvIOsBDEEnan5DPu9t3To9VRlMzA==}
    engines: {node: '>=8.10.0'}
    dependencies:
      picomatch: 2.3.1

  /sass@1.70.0:
    resolution: {integrity: sha512-uUxNQ3zAHeAx5nRFskBnrWzDUJrrvpCPD5FNAoRvTi0WwremlheES3tg+56PaVtCs5QDRX5CBLxxKMDJMEa1WQ==}
    engines: {node: '>=14.0.0'}
    hasBin: true
    dependencies:
      chokidar: 3.5.3
      immutable: 4.3.5
      source-map-js: 1.0.2

  /scheduler@0.23.0:
    resolution: {integrity: sha512-CtuThmgHNg7zIZWAXi3AsyIzA3n4xx7aNyjwC2VJldO2LMVDhFK+63xGqq6CsJH4rTAt6/M+N4GhZiDYPx9eUw==}
    dependencies:
      loose-envify: 1.4.0
    dev: false

  /semver@7.6.0:
    resolution: {integrity: sha512-EnwXhrlwXMk9gKu5/flx5sv/an57AkRplG3hTK68W7FRDN+k+OWBj65M7719OkA82XLBxrcX0KSHj+X5COhOVg==}
    engines: {node: '>=10'}
    hasBin: true
    dependencies:
      lru-cache: 6.0.0
    dev: false

  /sharp@0.33.2:
    resolution: {integrity: sha512-WlYOPyyPDiiM07j/UO+E720ju6gtNtHjEGg5vovUk1Lgxyjm2LFO+37Nt/UI3MMh2l6hxTWQWi7qk3cXJTutcQ==}
    engines: {libvips: '>=8.15.1', node: ^18.17.0 || ^20.3.0 || >=21.0.0}
    requiresBuild: true
    dependencies:
      color: 4.2.3
      detect-libc: 2.0.2
      semver: 7.6.0
    optionalDependencies:
      '@img/sharp-darwin-arm64': 0.33.2
      '@img/sharp-darwin-x64': 0.33.2
      '@img/sharp-libvips-darwin-arm64': 1.0.1
      '@img/sharp-libvips-darwin-x64': 1.0.1
      '@img/sharp-libvips-linux-arm': 1.0.1
      '@img/sharp-libvips-linux-arm64': 1.0.1
      '@img/sharp-libvips-linux-s390x': 1.0.1
      '@img/sharp-libvips-linux-x64': 1.0.1
      '@img/sharp-libvips-linuxmusl-arm64': 1.0.1
      '@img/sharp-libvips-linuxmusl-x64': 1.0.1
      '@img/sharp-linux-arm': 0.33.2
      '@img/sharp-linux-arm64': 0.33.2
      '@img/sharp-linux-s390x': 0.33.2
      '@img/sharp-linux-x64': 0.33.2
      '@img/sharp-linuxmusl-arm64': 0.33.2
      '@img/sharp-linuxmusl-x64': 0.33.2
      '@img/sharp-wasm32': 0.33.2
      '@img/sharp-win32-ia32': 0.33.2
      '@img/sharp-win32-x64': 0.33.2
    dev: false

  /simple-swizzle@0.2.2:
    resolution: {integrity: sha512-JA//kQgZtbuY83m+xT+tXJkmJncGMTFT+C+g2h2R9uxkYIrE2yy9sgmcLhCnw57/WSD+Eh3J97FPEDFnbXnDUg==}
    dependencies:
      is-arrayish: 0.3.2
    dev: false

  /source-map-js@1.0.2:
    resolution: {integrity: sha512-R0XvVJ9WusLiqTCEiGCmICCMplcCkIwwR11mOSD9CR5u+IXYdiseeEuXCVAjS54zqwkLcPNnmU4OeJ6tUrWhDw==}
    engines: {node: '>=0.10.0'}

  /streamsearch@1.1.0:
    resolution: {integrity: sha512-Mcc5wHehp9aXz1ax6bZUyY5afg9u2rv5cqQI3mRrYkGC8rW2hM02jWuwjtL++LS5qinSyhj2QfLyNsuc+VsExg==}
    engines: {node: '>=10.0.0'}
    dev: false

  /styled-jsx@5.1.1(react@18.2.0):
    resolution: {integrity: sha512-pW7uC1l4mBZ8ugbiZrcIsiIvVx1UmTfw7UkC3Um2tmfUq9Bhk8IiyEIPl6F8agHgjzku6j0xQEZbfA5uSgSaCw==}
    engines: {node: '>= 12.0.0'}
    peerDependencies:
      '@babel/core': '*'
      babel-plugin-macros: '*'
      react: '>= 16.8.0 || 17.x.x || ^18.0.0-0'
    peerDependenciesMeta:
      '@babel/core':
        optional: true
      babel-plugin-macros:
        optional: true
    dependencies:
      client-only: 0.0.1
      react: 18.2.0
    dev: false

  /to-regex-range@5.0.1:
    resolution: {integrity: sha512-65P7iz6X5yEr1cwcgvQxbbIw7Uk3gOy5dIdtZ4rDveLqhrdJP+Li/Hx6tyK0NEb+2GCyneCMJiGqrADCSNk8sQ==}
    engines: {node: '>=8.0'}
    dependencies:
      is-number: 7.0.0

  /tslib@2.6.2:
    resolution: {integrity: sha512-AEYxH93jGFPn/a2iVAwW87VuUIkR1FVUKB77NwMF7nBTDkDrrT/Hpt/IrCJ0QXhW27jTBDcf5ZY7w6RiqTMw2Q==}
    dev: false

  /typescript@5.3.3:
    resolution: {integrity: sha512-pXWcraxM0uxAS+tN0AG/BF2TyqmHO014Z070UsJ+pFvYuRSq8KH8DmWpnbXe0pEPDHXZV3FcAbJkijJ5oNEnWw==}
    engines: {node: '>=14.17'}
    hasBin: true
    dev: true

  /undici-types@5.26.5:
    resolution: {integrity: sha512-JlCMO+ehdEIKqlFxk6IfVoAUVmgz7cU7zD/h9XZ0qzeosSHmUJVOzSQvvYSYWXkFXC+IfLKSIffhv0sVZup6pA==}
    dev: true

  /yallist@4.0.0:
    resolution: {integrity: sha512-3wdGidZyq5PB084XLES5TpOSRA3wjXAlIWMhum2kRcv/41Sn2emQ0dycQW4uZXLejwKvg6EsvbdlVL+FYEct7A==}
    dev: false
